
Microsoft Visual Studio Solution File, Format Version 12.00
# Visual Studio 15
VisualStudioVersion = 15.0.27428.2015
MinimumVisualStudioVersion = 10.0.40219.1
Project("{8BC9CEB8-8B4A-11D0-8D11-00A0C91BC942}") = "VS2017", "VS2017\VS2017.vcxproj", "{9EFAF7C2-8478-40E1-B29B-D80F5BB2A5AA}"
EndProject
Global
	GlobalSection(SolutionConfigurationPlatforms) = preSolution
		Debug|x64 = Debug|x64
		Debug|x86 = Debug|x86
		Release|x64 = Release|x64
		Release|x86 = Release|x86
	EndGlobalSection
	GlobalSection(ProjectConfigurationPlatforms) = postSolution
		{9EFAF7C2-8478-40E1-B29B-D80F5BB2A5AA}.Debug|x64.ActiveCfg = Debug|x64
		{9EFAF7C2-8478-40E1-B29B-D80F5BB2A5AA}.Debug|x64.Build.0 = Debug|x64
		{9EFAF7C2-8478-40E1-B29B-D80F5BB2A5AA}.Debug|x86.ActiveCfg = Debug|Win32
		{9EFAF7C2-8478-40E1-B29B-D80F5BB2A5AA}.Debug|x86.Build.0 = Debug|Win32
		{9EFAF7C2-8478-40E1-B29B-D80F5BB2A5AA}.Release|x64.ActiveCfg = Release|x64
		{9EFAF7C2-8478-40E1-B29B-D80F5BB2A5AA}.Release|x64.Build.0 = Release|x64
		{9EFAF7C2-8478-40E1-B29B-D80F5BB2A5AA}.Release|x86.ActiveCfg = Release|Win32
		{9EFAF7C2-8478-40E1-B29B-D80F5BB2A5AA}.Release|x86.Build.0 = Release|Win32
	EndGlobalSection
	GlobalSection(SolutionProperties) = preSolution
		HideSolutionNode = FALSE
	EndGlobalSection
	GlobalSection(ExtensibilityGlobals) = postSolution
		SolutionGuid = {8436FB00-C189-43C4-8A88-9BB2425898DE}
	EndGlobalSection
EndGlobal
