<?xml version="1.0" encoding="utf-8"?>
<Project ToolsVersion="4.0" xmlns="http://schemas.microsoft.com/developer/msbuild/2003">
  <ItemGroup>
    <Filter Include="ssp">
      <UniqueIdentifier>{ee4ce837-570d-40e6-9936-ee1ae52c3991}</UniqueIdentifier>
    </Filter>
    <Filter Include="example">
      <UniqueIdentifier>{30ca6e5f-38ad-417f-9196-b7f4b166e807}</UniqueIdentifier>
    </Filter>
    <Filter Include="port">
      <UniqueIdentifier>{bcbd3057-99f4-45c0-b102-eebea400407c}</UniqueIdentifier>
    </Filter>
  </ItemGroup>
  <ItemGroup>
    <ClCompile Include="..\..\ssp\ssp.c">
      <Filter>ssp</Filter>
    </ClCompile>
    <ClCompile Include="..\..\ssp\ssp_common.cpp">
      <Filter>ssp</Filter>
    </ClCompile>
    <ClCompile Include="..\..\ssp\ssp_common_p.c">
      <Filter>ssp</Filter>
    </ClCompile>
    <ClCompile Include="..\..\port\ssp_fault.c">
      <Filter>port</Filter>
    </ClCompile>
    <ClCompile Include="..\..\port\ssp_hal_arduino.cpp">
      <Filter>port</Filter>
    </ClCompile>
    <ClCompile Include="..\..\port\ssp_hal_mem_buf.c">
      <Filter>port</Filter>
    </ClCompile>
    <ClCompile Include="..\..\port\ssp_hal_windows.c">
      <Filter>port</Filter>
    </ClCompile>
    <ClCompile Include="..\..\port\ssp_osal_no_os.c">
      <Filter>port</Filter>
    </ClCompile>
    <ClCompile Include="..\..\port\ssp_osal_windows.c">
      <Filter>port</Filter>
    </ClCompile>
    <ClCompile Include="..\..\ssp\ssp_com.c">
      <Filter>ssp</Filter>
    </ClCompile>
    <ClCompile Include="..\..\example\windows\main.cpp">
      <Filter>example</Filter>
    </ClCompile>
    <ClCompile Include="..\..\port\ssp_osal_std.cpp">
      <Filter>port</Filter>
    </ClCompile>
    <ClCompile Include="..\..\ssp\ssp_crc.c">
      <Filter>ssp</Filter>
    </ClCompile>
    <ClCompile Include="..\..\ssp\ssp_util.c">
      <Filter>ssp</Filter>
    </ClCompile>
    <ClCompile Include="..\..\ssp\fb_allocator.c">
      <Filter>ssp</Filter>
    </ClCompile>
    <ClCompile Include="..\..\example\windows\serialize_example.cpp">
      <Filter>example</Filter>
    </ClCompile>
    <ClCompile Include="..\..\example\windows\simple_example.cpp">
      <Filter>example</Filter>
    </ClCompile>
  </ItemGroup>
  <ItemGroup>
    <ClInclude Include="..\..\ssp\ssp.h">
      <Filter>ssp</Filter>
    </ClInclude>
    <ClInclude Include="..\..\ssp\ssp_common.h">
      <Filter>ssp</Filter>
    </ClInclude>
    <ClInclude Include="..\..\ssp\ssp_common_p.h">
      <Filter>ssp</Filter>
    </ClInclude>
    <ClInclude Include="..\..\ssp\ssp_fault.h">
      <Filter>ssp</Filter>
    </ClInclude>
    <ClInclude Include="..\..\ssp\ssp_hal.h">
      <Filter>ssp</Filter>
    </ClInclude>
    <ClInclude Include="..\..\ssp\ssp_opt.h">
      <Filter>ssp</Filter>
    </ClInclude>
    <ClInclude Include="..\..\ssp\ssp_osal.h">
      <Filter>ssp</Filter>
    </ClInclude>
    <ClInclude Include="..\..\ssp\ssp_types.h">
      <Filter>ssp</Filter>
    </ClInclude>
    <ClInclude Include="..\..\ssp\ssp_com.h">
      <Filter>ssp</Filter>
    </ClInclude>
    <ClInclude Include="..\..\ssp\ssp_crc.h">
      <Filter>ssp</Filter>
    </ClInclude>
    <ClInclude Include="..\..\ssp\ssp_util.h">
      <Filter>ssp</Filter>
    </ClInclude>
    <ClInclude Include="..\..\ssp\fb_allocator.h">
      <Filter>ssp</Filter>
    </ClInclude>
    <ClInclude Include="..\..\example\windows\serialize.h">
      <Filter>example</Filter>
    </ClInclude>
  </ItemGroup>
</Project>